
Microsoft Visual Studio Solution File, Format Version 12.00
# Visual Studio Version 16
VisualStudioVersion = 16.0.30011.22
MinimumVisualStudioVersion = 10.0.40219.1
Project("{FAE04EC0-301F-11D3-BF4B-00C04F79EFBC}") = "RegistroPersona", "RegistroPersona.csproj", "{B515FE65-ED25-4D09-978D-189581B8193E}"
EndProject
Global
	GlobalSection(SolutionConfigurationPlatforms) = preSolution
		Debug|Any CPU = Debug|Any CPU
		Release|Any CPU = Release|Any CPU
	EndGlobalSection
	GlobalSection(ProjectConfigurationPlatforms) = postSolution
		{B515FE65-ED25-4D09-978D-189581B8193E}.Debug|Any CPU.ActiveCfg = Debug|Any CPU
		{B515FE65-ED25-4D09-978D-189581B8193E}.Debug|Any CPU.Build.0 = Debug|Any CPU
		{B515FE65-ED25-4D09-978D-189581B8193E}.Release|Any CPU.ActiveCfg = Release|Any CPU
		{B515FE65-ED25-4D09-978D-189581B8193E}.Release|Any CPU.Build.0 = Release|Any CPU
	EndGlobalSection
	GlobalSection(SolutionProperties) = preSolution
		HideSolutionNode = FALSE
	EndGlobalSection
	GlobalSection(ExtensibilityGlobals) = postSolution
		SolutionGuid = {FAD9B070-F789-4394-AD04-F2E90E2C84E4}
	EndGlobalSection
EndGlobal
